
Microsoft Visual Studio Solution File, Format Version 12.00
# Visual Studio Version 16
VisualStudioVersion = 16.0.31025.194
MinimumVisualStudioVersion = 10.0.40219.1
Project("{FAE04EC0-301F-11D3-BF4B-00C04F79EFBC}") = "MyPersonalCalculater", "MyPersonalCalculater.csproj", "{4CA23D5E-8DB1-4A34-BBB4-3B161E631C26}"
EndProject
Global
	GlobalSection(SolutionConfigurationPlatforms) = preSolution
		Debug|Any CPU = Debug|Any CPU
		Release|Any CPU = Release|Any CPU
	EndGlobalSection
	GlobalSection(ProjectConfigurationPlatforms) = postSolution
		{4CA23D5E-8DB1-4A34-BBB4-3B161E631C26}.Debug|Any CPU.ActiveCfg = Debug|Any CPU
		{4CA23D5E-8DB1-4A34-BBB4-3B161E631C26}.Debug|Any CPU.Build.0 = Debug|Any CPU
		{4CA23D5E-8DB1-4A34-BBB4-3B161E631C26}.Release|Any CPU.ActiveCfg = Release|Any CPU
		{4CA23D5E-8DB1-4A34-BBB4-3B161E631C26}.Release|Any CPU.Build.0 = Release|Any CPU
	EndGlobalSection
	GlobalSection(SolutionProperties) = preSolution
		HideSolutionNode = FALSE
	EndGlobalSection
	GlobalSection(ExtensibilityGlobals) = postSolution
		SolutionGuid = {66E41060-5F4C-459E-B81D-0C98596BE447}
	EndGlobalSection
EndGlobal
